// !$*UTF8*$!
{
	archiveVersion = 1;
	classes = {
	};
	objectVersion = 50;
	objects = {

/* Begin PBXBuildFile section */
		0765AAEB242CBE51007C11F9 /* toolButton.plist in Resources */ = {isa = PBXBuildFile; fileRef = 0765AAEA242CBE51007C11F9 /* toolButton.plist */; };
		0765AAF2242CC0CD007C11F9 /* HotView.xib in Resources */ = {isa = PBXBuildFile; fileRef = 0765AAED242CC0CC007C11F9 /* HotView.xib */; };
		0765AAF7242CC16E007C11F9 /* HeaderView.xib in Resources */ = {isa = PBXBuildFile; fileRef = 0765AAF6242CC16E007C11F9 /* HeaderView.xib */; };
		0765AAFC242CCBA5007C11F9 /* OneToolButtonView.xib in Resources */ = {isa = PBXBuildFile; fileRef = 0765AAF9242CCBA5007C11F9 /* OneToolButtonView.xib */; };
		0765AAFD242CCBA5007C11F9 /* OneToolButtonView.m in Sources */ = {isa = PBXBuildFile; fileRef = 0765AAFA242CCBA5007C11F9 /* OneToolButtonView.m */; };
		0765AB00242CCC19007C11F9 /* ToolButton.m in Sources */ = {isa = PBXBuildFile; fileRef = 0765AAFF242CCC19007C11F9 /* ToolButton.m */; };
		0765AB06242CE573007C11F9 /* ToolButtonView.m in Sources */ = {isa = PBXBuildFile; fileRef = 0765AB05242CE573007C11F9 /* ToolButtonView.m */; };
		07E0F435242F7CAC009AE05C /* HeaderView.m in Sources */ = {isa = PBXBuildFile; fileRef = 07E0F434242F7CAC009AE05C /* HeaderView.m */; };
		489F238A242F2366004BB723 /* ModulesCell.m in Sources */ = {isa = PBXBuildFile; fileRef = 489F2389242F2366004BB723 /* ModulesCell.m */; };
		489F238C242F236C004BB723 /* ModulesCell.xib in Resources */ = {isa = PBXBuildFile; fileRef = 489F238B242F236C004BB723 /* ModulesCell.xib */; };
		489F238E242F295D004BB723 /* ColorUtil.m in Sources */ = {isa = PBXBuildFile; fileRef = 489F238D242F295D004BB723 /* ColorUtil.m */; };
		489F2393242F9B50004BB723 /* ModulesModel.m in Sources */ = {isa = PBXBuildFile; fileRef = 489F2392242F9B50004BB723 /* ModulesModel.m */; };
		489F239624303DD5004BB723 /* MoreView.storyboard in Resources */ = {isa = PBXBuildFile; fileRef = 489F239524303DD5004BB723 /* MoreView.storyboard */; };
		489F239824303FC4004BB723 /* MoreViewController.m in Sources */ = {isa = PBXBuildFile; fileRef = 489F239724303FC4004BB723 /* MoreViewController.m */; };
		48A32D2A242B210800A6B6DA /* AppDelegate.m in Sources */ = {isa = PBXBuildFile; fileRef = 48A32D29242B210800A6B6DA /* AppDelegate.m */; };
		48A32D2D242B210800A6B6DA /* ViewController.m in Sources */ = {isa = PBXBuildFile; fileRef = 48A32D2C242B210800A6B6DA /* ViewController.m */; };
		48A32D30242B210800A6B6DA /* Main.storyboard in Resources */ = {isa = PBXBuildFile; fileRef = 48A32D2E242B210800A6B6DA /* Main.storyboard */; };
		48A32D32242B210800A6B6DA /* Assets.xcassets in Resources */ = {isa = PBXBuildFile; fileRef = 48A32D31242B210800A6B6DA /* Assets.xcassets */; };
		48A32D35242B210800A6B6DA /* LaunchScreen.storyboard in Resources */ = {isa = PBXBuildFile; fileRef = 48A32D33242B210800A6B6DA /* LaunchScreen.storyboard */; };
		48A32D38242B210800A6B6DA /* main.m in Sources */ = {isa = PBXBuildFile; fileRef = 48A32D37242B210800A6B6DA /* main.m */; };
		48A32D42242B210800A6B6DA /* meituanTests.m in Sources */ = {isa = PBXBuildFile; fileRef = 48A32D41242B210800A6B6DA /* meituanTests.m */; };
		48A32D4D242B210800A6B6DA /* meituanUITests.m in Sources */ = {isa = PBXBuildFile; fileRef = 48A32D4C242B210800A6B6DA /* meituanUITests.m */; };
		48A32D5E242C901600A6B6DA /* ModulesView.xib in Resources */ = {isa = PBXBuildFile; fileRef = 48A32D5D242C901600A6B6DA /* ModulesView.xib */; };
		48A32D62242C98BB00A6B6DA /* BottomView.xib in Resources */ = {isa = PBXBuildFile; fileRef = 48A32D61242C98BB00A6B6DA /* BottomView.xib */; };
		48A32D64242C9EB000A6B6DA /* ModulesViewController.m in Sources */ = {isa = PBXBuildFile; fileRef = 48A32D63242C9EB000A6B6DA /* ModulesViewController.m */; };
		F5F8F0E8242DA1D0005F5F39 /* SwiperViewController.m in Sources */ = {isa = PBXBuildFile; fileRef = F5F8F0E6242DA1D0005F5F39 /* SwiperViewController.m */; };
		F5F8F0EF242DAD8C005F5F39 /* SwiperView.xib in Resources */ = {isa = PBXBuildFile; fileRef = F5F8F0EE242DAD8C005F5F39 /* SwiperView.xib */; };
/* End PBXBuildFile section */

/* Begin PBXContainerItemProxy section */
		48A32D3E242B210800A6B6DA /* PBXContainerItemProxy */ = {
			isa = PBXContainerItemProxy;
			containerPortal = 48A32D1D242B210700A6B6DA /* Project object */;
			proxyType = 1;
			remoteGlobalIDString = 48A32D24242B210700A6B6DA;
			remoteInfo = meituan;
		};
		48A32D49242B210800A6B6DA /* PBXContainerItemProxy */ = {
			isa = PBXContainerItemProxy;
			containerPortal = 48A32D1D242B210700A6B6DA /* Project object */;
			proxyType = 1;
			remoteGlobalIDString = 48A32D24242B210700A6B6DA;
			remoteInfo = meituan;
		};
/* End PBXContainerItemProxy section */

/* Begin PBXFileReference section */
		0765AAEA242CBE51007C11F9 /* toolButton.plist */ = {isa = PBXFileReference; lastKnownFileType = text.plist.xml; path = toolButton.plist; sourceTree = "<group>"; };
		0765AAED242CC0CC007C11F9 /* HotView.xib */ = {isa = PBXFileReference; fileEncoding = 4; lastKnownFileType = file.xib; path = HotView.xib; sourceTree = "<group>"; };
		0765AAF6242CC16E007C11F9 /* HeaderView.xib */ = {isa = PBXFileReference; fileEncoding = 4; lastKnownFileType = file.xib; path = HeaderView.xib; sourceTree = "<group>"; };
		0765AAF9242CCBA5007C11F9 /* OneToolButtonView.xib */ = {isa = PBXFileReference; fileEncoding = 4; lastKnownFileType = file.xib; path = OneToolButtonView.xib; sourceTree = "<group>"; };
		0765AAFA242CCBA5007C11F9 /* OneToolButtonView.m */ = {isa = PBXFileReference; fileEncoding = 4; lastKnownFileType = sourcecode.c.objc; path = OneToolButtonView.m; sourceTree = "<group>"; };
		0765AAFB242CCBA5007C11F9 /* OneToolButtonView.h */ = {isa = PBXFileReference; fileEncoding = 4; lastKnownFileType = sourcecode.c.h; path = OneToolButtonView.h; sourceTree = "<group>"; };
		0765AAFE242CCC19007C11F9 /* ToolButton.h */ = {isa = PBXFileReference; lastKnownFileType = sourcecode.c.h; path = ToolButton.h; sourceTree = "<group>"; };
		0765AAFF242CCC19007C11F9 /* ToolButton.m */ = {isa = PBXFileReference; lastKnownFileType = sourcecode.c.objc; path = ToolButton.m; sourceTree = "<group>"; };
		0765AB04242CE573007C11F9 /* ToolButtonView.h */ = {isa = PBXFileReference; lastKnownFileType = sourcecode.c.h; path = ToolButtonView.h; sourceTree = "<group>"; };
		0765AB05242CE573007C11F9 /* ToolButtonView.m */ = {isa = PBXFileReference; lastKnownFileType = sourcecode.c.objc; path = ToolButtonView.m; sourceTree = "<group>"; };
		07E0F433242F7CAC009AE05C /* HeaderView.h */ = {isa = PBXFileReference; fileEncoding = 4; lastKnownFileType = sourcecode.c.h; path = HeaderView.h; sourceTree = "<group>"; };
		07E0F434242F7CAC009AE05C /* HeaderView.m */ = {isa = PBXFileReference; fileEncoding = 4; lastKnownFileType = sourcecode.c.objc; path = HeaderView.m; sourceTree = "<group>"; };
		489F2388242F235F004BB723 /* ModulesCell.h */ = {isa = PBXFileReference; fileEncoding = 4; lastKnownFileType = sourcecode.c.h; path = ModulesCell.h; sourceTree = "<group>"; };
		489F2389242F2366004BB723 /* ModulesCell.m */ = {isa = PBXFileReference; fileEncoding = 4; lastKnownFileType = sourcecode.c.objc; path = ModulesCell.m; sourceTree = "<group>"; };
		489F238B242F236C004BB723 /* ModulesCell.xib */ = {isa = PBXFileReference; fileEncoding = 4; lastKnownFileType = file.xib; path = ModulesCell.xib; sourceTree = "<group>"; };
		489F238D242F295D004BB723 /* ColorUtil.m */ = {isa = PBXFileReference; lastKnownFileType = sourcecode.c.objc; path = ColorUtil.m; sourceTree = "<group>"; };
		489F2390242F2991004BB723 /* ColorUtil.h */ = {isa = PBXFileReference; lastKnownFileType = sourcecode.c.h; path = ColorUtil.h; sourceTree = "<group>"; };
		489F2391242F9B3E004BB723 /* ModulesModel.h */ = {isa = PBXFileReference; lastKnownFileType = sourcecode.c.h; path = ModulesModel.h; sourceTree = "<group>"; };
		489F2392242F9B50004BB723 /* ModulesModel.m */ = {isa = PBXFileReference; lastKnownFileType = sourcecode.c.objc; path = ModulesModel.m; sourceTree = "<group>"; };
		489F239524303DD5004BB723 /* MoreView.storyboard */ = {isa = PBXFileReference; lastKnownFileType = file.storyboard; path = MoreView.storyboard; sourceTree = "<group>"; };
		489F239724303FC4004BB723 /* MoreViewController.m */ = {isa = PBXFileReference; lastKnownFileType = sourcecode.c.objc; path = MoreViewController.m; sourceTree = "<group>"; };
		489F239924303FD1004BB723 /* MoreViewController.h */ = {isa = PBXFileReference; lastKnownFileType = sourcecode.c.h; path = MoreViewController.h; sourceTree = "<group>"; };
		48A32D25242B210800A6B6DA /* meituan.app */ = {isa = PBXFileReference; explicitFileType = wrapper.application; includeInIndex = 0; path = meituan.app; sourceTree = BUILT_PRODUCTS_DIR; };
		48A32D28242B210800A6B6DA /* AppDelegate.h */ = {isa = PBXFileReference; lastKnownFileType = sourcecode.c.h; path = AppDelegate.h; sourceTree = "<group>"; };
		48A32D29242B210800A6B6DA /* AppDelegate.m */ = {isa = PBXFileReference; lastKnownFileType = sourcecode.c.objc; path = AppDelegate.m; sourceTree = "<group>"; };
		48A32D2B242B210800A6B6DA /* ViewController.h */ = {isa = PBXFileReference; lastKnownFileType = sourcecode.c.h; path = ViewController.h; sourceTree = "<group>"; };
		48A32D2C242B210800A6B6DA /* ViewController.m */ = {isa = PBXFileReference; lastKnownFileType = sourcecode.c.objc; path = ViewController.m; sourceTree = "<group>"; };
		48A32D2F242B210800A6B6DA /* Base */ = {isa = PBXFileReference; lastKnownFileType = file.storyboard; name = Base; path = Base.lproj/Main.storyboard; sourceTree = "<group>"; };
		48A32D31242B210800A6B6DA /* Assets.xcassets */ = {isa = PBXFileReference; lastKnownFileType = folder.assetcatalog; path = Assets.xcassets; sourceTree = "<group>"; };
		48A32D34242B210800A6B6DA /* Base */ = {isa = PBXFileReference; lastKnownFileType = file.storyboard; name = Base; path = Base.lproj/LaunchScreen.storyboard; sourceTree = "<group>"; };
		48A32D36242B210800A6B6DA /* Info.plist */ = {isa = PBXFileReference; lastKnownFileType = text.plist.xml; path = Info.plist; sourceTree = "<group>"; };
		48A32D37242B210800A6B6DA /* main.m */ = {isa = PBXFileReference; lastKnownFileType = sourcecode.c.objc; path = main.m; sourceTree = "<group>"; };
		48A32D3D242B210800A6B6DA /* meituanTests.xctest */ = {isa = PBXFileReference; explicitFileType = wrapper.cfbundle; includeInIndex = 0; path = meituanTests.xctest; sourceTree = BUILT_PRODUCTS_DIR; };
		48A32D41242B210800A6B6DA /* meituanTests.m */ = {isa = PBXFileReference; lastKnownFileType = sourcecode.c.objc; path = meituanTests.m; sourceTree = "<group>"; };
		48A32D43242B210800A6B6DA /* Info.plist */ = {isa = PBXFileReference; lastKnownFileType = text.plist.xml; path = Info.plist; sourceTree = "<group>"; };
		48A32D48242B210800A6B6DA /* meituanUITests.xctest */ = {isa = PBXFileReference; explicitFileType = wrapper.cfbundle; includeInIndex = 0; path = meituanUITests.xctest; sourceTree = BUILT_PRODUCTS_DIR; };
		48A32D4C242B210800A6B6DA /* meituanUITests.m */ = {isa = PBXFileReference; lastKnownFileType = sourcecode.c.objc; path = meituanUITests.m; sourceTree = "<group>"; };
		48A32D4E242B210800A6B6DA /* Info.plist */ = {isa = PBXFileReference; lastKnownFileType = text.plist.xml; path = Info.plist; sourceTree = "<group>"; };
		48A32D5D242C901600A6B6DA /* ModulesView.xib */ = {isa = PBXFileReference; lastKnownFileType = file.xib; path = ModulesView.xib; sourceTree = "<group>"; };
		48A32D61242C98BB00A6B6DA /* BottomView.xib */ = {isa = PBXFileReference; lastKnownFileType = file.xib; path = BottomView.xib; sourceTree = "<group>"; };
		48A32D63242C9EB000A6B6DA /* ModulesViewController.m */ = {isa = PBXFileReference; lastKnownFileType = sourcecode.c.objc; path = ModulesViewController.m; sourceTree = "<group>"; };
		48A32D65242C9ED700A6B6DA /* ModulesViewController.h */ = {isa = PBXFileReference; lastKnownFileType = sourcecode.c.h; path = ModulesViewController.h; sourceTree = "<group>"; };
		F5F8F0E5242DA1D0005F5F39 /* SwiperViewController.h */ = {isa = PBXFileReference; lastKnownFileType = sourcecode.c.h; path = SwiperViewController.h; sourceTree = "<group>"; };
		F5F8F0E6242DA1D0005F5F39 /* SwiperViewController.m */ = {isa = PBXFileReference; lastKnownFileType = sourcecode.c.objc; path = SwiperViewController.m; sourceTree = "<group>"; };
		F5F8F0EE242DAD8C005F5F39 /* SwiperView.xib */ = {isa = PBXFileReference; lastKnownFileType = file.xib; path = SwiperView.xib; sourceTree = "<group>"; };
/* End PBXFileReference section */

/* Begin PBXFrameworksBuildPhase section */
		48A32D22242B210700A6B6DA /* Frameworks */ = {
			isa = PBXFrameworksBuildPhase;
			buildActionMask = 2147483647;
			files = (
			);
			runOnlyForDeploymentPostprocessing = 0;
		};
		48A32D3A242B210800A6B6DA /* Frameworks */ = {
			isa = PBXFrameworksBuildPhase;
			buildActionMask = 2147483647;
			files = (
			);
			runOnlyForDeploymentPostprocessing = 0;
		};
		48A32D45242B210800A6B6DA /* Frameworks */ = {
			isa = PBXFrameworksBuildPhase;
			buildActionMask = 2147483647;
			files = (
			);
			runOnlyForDeploymentPostprocessing = 0;
		};
/* End PBXFrameworksBuildPhase section */

/* Begin PBXGroup section */
		0765AAEC242CBF24007C11F9 /* head */ = {
			isa = PBXGroup;
			children = (
				07E0F433242F7CAC009AE05C /* HeaderView.h */,
				07E0F434242F7CAC009AE05C /* HeaderView.m */,
				0765AAF6242CC16E007C11F9 /* HeaderView.xib */,
				0765AAED242CC0CC007C11F9 /* HotView.xib */,
			);
			path = head;
			sourceTree = "<group>";
		};
		0765AAF8242CCB29007C11F9 /* toolbutton */ = {
			isa = PBXGroup;
			children = (
				0765AAFB242CCBA5007C11F9 /* OneToolButtonView.h */,
				0765AAFA242CCBA5007C11F9 /* OneToolButtonView.m */,
				0765AAF9242CCBA5007C11F9 /* OneToolButtonView.xib */,
				0765AAFE242CCC19007C11F9 /* ToolButton.h */,
				0765AAFF242CCC19007C11F9 /* ToolButton.m */,
				0765AB04242CE573007C11F9 /* ToolButtonView.h */,
				0765AB05242CE573007C11F9 /* ToolButtonView.m */,
			);
			path = toolbutton;
			sourceTree = "<group>";
		};
		48802539242CAB3700B8FAFF /* modules */ = {
			isa = PBXGroup;
			children = (
				489F239424303DB9004BB723 /* more */,
				48A32D5D242C901600A6B6DA /* ModulesView.xib */,
				48A32D65242C9ED700A6B6DA /* ModulesViewController.h */,
				489F238B242F236C004BB723 /* ModulesCell.xib */,
				489F2389242F2366004BB723 /* ModulesCell.m */,
				489F2388242F235F004BB723 /* ModulesCell.h */,
				48A32D63242C9EB000A6B6DA /* ModulesViewController.m */,
				489F2391242F9B3E004BB723 /* ModulesModel.h */,
				489F2392242F9B50004BB723 /* ModulesModel.m */,
			);
			path = modules;
			sourceTree = "<group>";
		};
		489F238F242F2966004BB723 /* util */ = {
			isa = PBXGroup;
			children = (
				489F238D242F295D004BB723 /* ColorUtil.m */,
				489F2390242F2991004BB723 /* ColorUtil.h */,
			);
			path = util;
			sourceTree = "<group>";
		};
		489F239424303DB9004BB723 /* more */ = {
			isa = PBXGroup;
			children = (
				489F239524303DD5004BB723 /* MoreView.storyboard */,
				489F239724303FC4004BB723 /* MoreViewController.m */,
				489F239924303FD1004BB723 /* MoreViewController.h */,
			);
			path = more;
			sourceTree = "<group>";
		};
		48A32D1C242B210700A6B6DA = {
			isa = PBXGroup;
			children = (
				48A32D27242B210800A6B6DA /* meituan */,
				48A32D40242B210800A6B6DA /* meituanTests */,
				48A32D4B242B210800A6B6DA /* meituanUITests */,
				48A32D26242B210800A6B6DA /* Products */,
			);
			sourceTree = "<group>";
		};
		48A32D26242B210800A6B6DA /* Products */ = {
			isa = PBXGroup;
			children = (
				48A32D25242B210800A6B6DA /* meituan.app */,
				48A32D3D242B210800A6B6DA /* meituanTests.xctest */,
				48A32D48242B210800A6B6DA /* meituanUITests.xctest */,
			);
			name = Products;
			sourceTree = "<group>";
		};
		48A32D27242B210800A6B6DA /* meituan */ = {
			isa = PBXGroup;
			children = (
				489F238F242F2966004BB723 /* util */,
				F5F8F0D9242D9EBF005F5F39 /* swiper */,
				0765AAF8242CCB29007C11F9 /* toolbutton */,
				0765AAEC242CBF24007C11F9 /* head */,
				48802539242CAB3700B8FAFF /* modules */,
				48A32D28242B210800A6B6DA /* AppDelegate.h */,
				48A32D29242B210800A6B6DA /* AppDelegate.m */,
				48A32D2B242B210800A6B6DA /* ViewController.h */,
				48A32D2C242B210800A6B6DA /* ViewController.m */,
				48A32D2E242B210800A6B6DA /* Main.storyboard */,
				48A32D61242C98BB00A6B6DA /* BottomView.xib */,
				48A32D31242B210800A6B6DA /* Assets.xcassets */,
				48A32D33242B210800A6B6DA /* LaunchScreen.storyboard */,
				48A32D36242B210800A6B6DA /* Info.plist */,
				48A32D37242B210800A6B6DA /* main.m */,
				0765AAEA242CBE51007C11F9 /* toolButton.plist */,
			);
			path = meituan;
			sourceTree = "<group>";
		};
		48A32D40242B210800A6B6DA /* meituanTests */ = {
			isa = PBXGroup;
			children = (
				48A32D41242B210800A6B6DA /* meituanTests.m */,
				48A32D43242B210800A6B6DA /* Info.plist */,
			);
			path = meituanTests;
			sourceTree = "<group>";
		};
		48A32D4B242B210800A6B6DA /* meituanUITests */ = {
			isa = PBXGroup;
			children = (
				48A32D4C242B210800A6B6DA /* meituanUITests.m */,
				48A32D4E242B210800A6B6DA /* Info.plist */,
			);
			path = meituanUITests;
			sourceTree = "<group>";
		};
		F5F8F0D9242D9EBF005F5F39 /* swiper */ = {
			isa = PBXGroup;
			children = (
				F5F8F0E5242DA1D0005F5F39 /* SwiperViewController.h */,
				F5F8F0E6242DA1D0005F5F39 /* SwiperViewController.m */,
				F5F8F0EE242DAD8C005F5F39 /* SwiperView.xib */,
			);
			path = swiper;
			sourceTree = "<group>";
		};
/* End PBXGroup section */

/* Begin PBXNativeTarget section */
		48A32D24242B210700A6B6DA /* meituan */ = {
			isa = PBXNativeTarget;
			buildConfigurationList = 48A32D51242B210800A6B6DA /* Build configuration list for PBXNativeTarget "meituan" */;
			buildPhases = (
				48A32D21242B210700A6B6DA /* Sources */,
				48A32D22242B210700A6B6DA /* Frameworks */,
				48A32D23242B210700A6B6DA /* Resources */,
			);
			buildRules = (
			);
			dependencies = (
			);
			name = meituan;
			productName = meituan;
			productReference = 48A32D25242B210800A6B6DA /* meituan.app */;
			productType = "com.apple.product-type.application";
		};
		48A32D3C242B210800A6B6DA /* meituanTests */ = {
			isa = PBXNativeTarget;
			buildConfigurationList = 48A32D54242B210800A6B6DA /* Build configuration list for PBXNativeTarget "meituanTests" */;
			buildPhases = (
				48A32D39242B210800A6B6DA /* Sources */,
				48A32D3A242B210800A6B6DA /* Frameworks */,
				48A32D3B242B210800A6B6DA /* Resources */,
			);
			buildRules = (
			);
			dependencies = (
				48A32D3F242B210800A6B6DA /* PBXTargetDependency */,
			);
			name = meituanTests;
			productName = meituanTests;
			productReference = 48A32D3D242B210800A6B6DA /* meituanTests.xctest */;
			productType = "com.apple.product-type.bundle.unit-test";
		};
		48A32D47242B210800A6B6DA /* meituanUITests */ = {
			isa = PBXNativeTarget;
			buildConfigurationList = 48A32D57242B210800A6B6DA /* Build configuration list for PBXNativeTarget "meituanUITests" */;
			buildPhases = (
				48A32D44242B210800A6B6DA /* Sources */,
				48A32D45242B210800A6B6DA /* Frameworks */,
				48A32D46242B210800A6B6DA /* Resources */,
			);
			buildRules = (
			);
			dependencies = (
				48A32D4A242B210800A6B6DA /* PBXTargetDependency */,
			);
			name = meituanUITests;
			productName = meituanUITests;
			productReference = 48A32D48242B210800A6B6DA /* meituanUITests.xctest */;
			productType = "com.apple.product-type.bundle.ui-testing";
		};
/* End PBXNativeTarget section */

/* Begin PBXProject section */
		48A32D1D242B210700A6B6DA /* Project object */ = {
			isa = PBXProject;
			attributes = {
				LastUpgradeCheck = 1020;
				ORGANIZATIONNAME = Kiro;
				TargetAttributes = {
					48A32D24242B210700A6B6DA = {
						CreatedOnToolsVersion = 10.2;
					};
					48A32D3C242B210800A6B6DA = {
						CreatedOnToolsVersion = 10.2;
						TestTargetID = 48A32D24242B210700A6B6DA;
					};
					48A32D47242B210800A6B6DA = {
						CreatedOnToolsVersion = 10.2;
						TestTargetID = 48A32D24242B210700A6B6DA;
					};
				};
			};
			buildConfigurationList = 48A32D20242B210700A6B6DA /* Build configuration list for PBXProject "meituan" */;
			compatibilityVersion = "Xcode 9.3";
			developmentRegion = en;
			hasScannedForEncodings = 0;
			knownRegions = (
				en,
				Base,
			);
			mainGroup = 48A32D1C242B210700A6B6DA;
			productRefGroup = 48A32D26242B210800A6B6DA /* Products */;
			projectDirPath = "";
			projectRoot = "";
			targets = (
				48A32D24242B210700A6B6DA /* meituan */,
				48A32D3C242B210800A6B6DA /* meituanTests */,
				48A32D47242B210800A6B6DA /* meituanUITests */,
			);
		};
/* End PBXProject section */

/* Begin PBXResourcesBuildPhase section */
		48A32D23242B210700A6B6DA /* Resources */ = {
			isa = PBXResourcesBuildPhase;
			buildActionMask = 2147483647;
			files = (
				48A32D35242B210800A6B6DA /* LaunchScreen.storyboard in Resources */,
				489F239624303DD5004BB723 /* MoreView.storyboard in Resources */,
				F5F8F0EF242DAD8C005F5F39 /* SwiperView.xib in Resources */,
				0765AAF2242CC0CD007C11F9 /* HotView.xib in Resources */,
				48A32D5E242C901600A6B6DA /* ModulesView.xib in Resources */,
				48A32D32242B210800A6B6DA /* Assets.xcassets in Resources */,
				489F238C242F236C004BB723 /* ModulesCell.xib in Resources */,
				48A32D30242B210800A6B6DA /* Main.storyboard in Resources */,
				0765AAFC242CCBA5007C11F9 /* OneToolButtonView.xib in Resources */,
				0765AAF7242CC16E007C11F9 /* HeaderView.xib in Resources */,
				0765AAEB242CBE51007C11F9 /* toolButton.plist in Resources */,
				48A32D62242C98BB00A6B6DA /* BottomView.xib in Resources */,
			);
			runOnlyForDeploymentPostprocessing = 0;
		};
		48A32D3B242B210800A6B6DA /* Resources */ = {
			isa = PBXResourcesBuildPhase;
			buildActionMask = 2147483647;
			files = (
			);
			runOnlyForDeploymentPostprocessing = 0;
		};
		48A32D46242B210800A6B6DA /* Resources */ = {
			isa = PBXResourcesBuildPhase;
			buildActionMask = 2147483647;
			files = (
			);
			runOnlyForDeploymentPostprocessing = 0;
		};
/* End PBXResourcesBuildPhase section */

/* Begin PBXSourcesBuildPhase section */
		48A32D21242B210700A6B6DA /* Sources */ = {
			isa = PBXSourcesBuildPhase;
			buildActionMask = 2147483647;
			files = (
				48A32D2D242B210800A6B6DA /* ViewController.m in Sources */,
				0765AAFD242CCBA5007C11F9 /* OneToolButtonView.m in Sources */,
				F5F8F0E8242DA1D0005F5F39 /* SwiperViewController.m in Sources */,
				489F238E242F295D004BB723 /* ColorUtil.m in Sources */,
				48A32D38242B210800A6B6DA /* main.m in Sources */,
				07E0F435242F7CAC009AE05C /* HeaderView.m in Sources */,
				489F238A242F2366004BB723 /* ModulesCell.m in Sources */,
				489F239824303FC4004BB723 /* MoreViewController.m in Sources */,
				489F2393242F9B50004BB723 /* ModulesModel.m in Sources */,
				48A32D2A242B210800A6B6DA /* AppDelegate.m in Sources */,
				48A32D64242C9EB000A6B6DA /* ModulesViewController.m in Sources */,
				0765AB00242CCC19007C11F9 /* ToolButton.m in Sources */,
				0765AB06242CE573007C11F9 /* ToolButtonView.m in Sources */,
			);
			runOnlyForDeploymentPostprocessing = 0;
		};
		48A32D39242B210800A6B6DA /* Sources */ = {
			isa = PBXSourcesBuildPhase;
			buildActionMask = 2147483647;
			files = (
				48A32D42242B210800A6B6DA /* meituanTests.m in Sources */,
			);
			runOnlyForDeploymentPostprocessing = 0;
		};
		48A32D44242B210800A6B6DA /* Sources */ = {
			isa = PBXSourcesBuildPhase;
			buildActionMask = 2147483647;
			files = (
				48A32D4D242B210800A6B6DA /* meituanUITests.m in Sources */,
			);
			runOnlyForDeploymentPostprocessing = 0;
		};
/* End PBXSourcesBuildPhase section */

/* Begin PBXTargetDependency section */
		48A32D3F242B210800A6B6DA /* PBXTargetDependency */ = {
			isa = PBXTargetDependency;
			target = 48A32D24242B210700A6B6DA /* meituan */;
			targetProxy = 48A32D3E242B210800A6B6DA /* PBXContainerItemProxy */;
		};
		48A32D4A242B210800A6B6DA /* PBXTargetDependency */ = {
			isa = PBXTargetDependency;
			target = 48A32D24242B210700A6B6DA /* meituan */;
			targetProxy = 48A32D49242B210800A6B6DA /* PBXContainerItemProxy */;
		};
/* End PBXTargetDependency section */

/* Begin PBXVariantGroup section */
		48A32D2E242B210800A6B6DA /* Main.storyboard */ = {
			isa = PBXVariantGroup;
			children = (
				48A32D2F242B210800A6B6DA /* Base */,
			);
			name = Main.storyboard;
			sourceTree = "<group>";
		};
		48A32D33242B210800A6B6DA /* LaunchScreen.storyboard */ = {
			isa = PBXVariantGroup;
			children = (
				48A32D34242B210800A6B6DA /* Base */,
			);
			name = LaunchScreen.storyboard;
			sourceTree = "<group>";
		};
/* End PBXVariantGroup section */

/* Begin XCBuildConfiguration section */
		48A32D4F242B210800A6B6DA /* Debug */ = {
			isa = XCBuildConfiguration;
			buildSettings = {
				ALWAYS_SEARCH_USER_PATHS = NO;
				CLANG_ANALYZER_NONNULL = YES;
				CLANG_ANALYZER_NUMBER_OBJECT_CONVERSION = YES_AGGRESSIVE;
				CLANG_CXX_LANGUAGE_STANDARD = "gnu++14";
				CLANG_CXX_LIBRARY = "libc++";
				CLANG_ENABLE_MODULES = YES;
				CLANG_ENABLE_OBJC_ARC = YES;
				CLANG_ENABLE_OBJC_WEAK = YES;
				CLANG_WARN_BLOCK_CAPTURE_AUTORELEASING = YES;
				CLANG_WARN_BOOL_CONVERSION = YES;
				CLANG_WARN_COMMA = YES;
				CLANG_WARN_CONSTANT_CONVERSION = YES;
				CLANG_WARN_DEPRECATED_OBJC_IMPLEMENTATIONS = YES;
				CLANG_WARN_DIRECT_OBJC_ISA_USAGE = YES_ERROR;
				CLANG_WARN_DOCUMENTATION_COMMENTS = YES;
				CLANG_WARN_EMPTY_BODY = YES;
				CLANG_WARN_ENUM_CONVERSION = YES;
				CLANG_WARN_INFINITE_RECURSION = YES;
				CLANG_WARN_INT_CONVERSION = YES;
				CLANG_WARN_NON_LITERAL_NULL_CONVERSION = YES;
				CLANG_WARN_OBJC_IMPLICIT_RETAIN_SELF = YES;
				CLANG_WARN_OBJC_LITERAL_CONVERSION = YES;
				CLANG_WARN_OBJC_ROOT_CLASS = YES_ERROR;
				CLANG_WARN_RANGE_LOOP_ANALYSIS = YES;
				CLANG_WARN_STRICT_PROTOTYPES = YES;
				CLANG_WARN_SUSPICIOUS_MOVE = YES;
				CLANG_WARN_UNGUARDED_AVAILABILITY = YES_AGGRESSIVE;
				CLANG_WARN_UNREACHABLE_CODE = YES;
				CLANG_WARN__DUPLICATE_METHOD_MATCH = YES;
				CODE_SIGN_IDENTITY = "iPhone Developer";
				COPY_PHASE_STRIP = NO;
				DEBUG_INFORMATION_FORMAT = dwarf;
				ENABLE_STRICT_OBJC_MSGSEND = YES;
				ENABLE_TESTABILITY = YES;
				GCC_C_LANGUAGE_STANDARD = gnu11;
				GCC_DYNAMIC_NO_PIC = NO;
				GCC_NO_COMMON_BLOCKS = YES;
				GCC_OPTIMIZATION_LEVEL = 0;
				GCC_PREPROCESSOR_DEFINITIONS = (
					"DEBUG=1",
					"$(inherited)",
				);
				GCC_WARN_64_TO_32_BIT_CONVERSION = YES;
				GCC_WARN_ABOUT_RETURN_TYPE = YES_ERROR;
				GCC_WARN_UNDECLARED_SELECTOR = YES;
				GCC_WARN_UNINITIALIZED_AUTOS = YES_AGGRESSIVE;
				GCC_WARN_UNUSED_FUNCTION = YES;
				GCC_WARN_UNUSED_VARIABLE = YES;
				IPHONEOS_DEPLOYMENT_TARGET = 12.2;
				MTL_ENABLE_DEBUG_INFO = INCLUDE_SOURCE;
				MTL_FAST_MATH = YES;
				ONLY_ACTIVE_ARCH = YES;
				SDKROOT = iphoneos;
			};
			name = Debug;
		};
		48A32D50242B210800A6B6DA /* Release */ = {
			isa = XCBuildConfiguration;
			buildSettings = {
				ALWAYS_SEARCH_USER_PATHS = NO;
				CLANG_ANALYZER_NONNULL = YES;
				CLANG_ANALYZER_NUMBER_OBJECT_CONVERSION = YES_AGGRESSIVE;
				CLANG_CXX_LANGUAGE_STANDARD = "gnu++14";
				CLANG_CXX_LIBRARY = "libc++";
				CLANG_ENABLE_MODULES = YES;
				CLANG_ENABLE_OBJC_ARC = YES;
				CLANG_ENABLE_OBJC_WEAK = YES;
				CLANG_WARN_BLOCK_CAPTURE_AUTORELEASING = YES;
				CLANG_WARN_BOOL_CONVERSION = YES;
				CLANG_WARN_COMMA = YES;
				CLANG_WARN_CONSTANT_CONVERSION = YES;
				CLANG_WARN_DEPRECATED_OBJC_IMPLEMENTATIONS = YES;
				CLANG_WARN_DIRECT_OBJC_ISA_USAGE = YES_ERROR;
				CLANG_WARN_DOCUMENTATION_COMMENTS = YES;
				CLANG_WARN_EMPTY_BODY = YES;
				CLANG_WARN_ENUM_CONVERSION = YES;
				CLANG_WARN_INFINITE_RECURSION = YES;
				CLANG_WARN_INT_CONVERSION = YES;
				CLANG_WARN_NON_LITERAL_NULL_CONVERSION = YES;
				CLANG_WARN_OBJC_IMPLICIT_RETAIN_SELF = YES;
				CLANG_WARN_OBJC_LITERAL_CONVERSION = YES;
				CLANG_WARN_OBJC_ROOT_CLASS = YES_ERROR;
				CLANG_WARN_RANGE_LOOP_ANALYSIS = YES;
				CLANG_WARN_STRICT_PROTOTYPES = YES;
				CLANG_WARN_SUSPICIOUS_MOVE = YES;
				CLANG_WARN_UNGUARDED_AVAILABILITY = YES_AGGRESSIVE;
				CLANG_WARN_UNREACHABLE_CODE = YES;
				CLANG_WARN__DUPLICATE_METHOD_MATCH = YES;
				CODE_SIGN_IDENTITY = "iPhone Developer";
				COPY_PHASE_STRIP = NO;
				DEBUG_INFORMATION_FORMAT = "dwarf-with-dsym";
				ENABLE_NS_ASSERTIONS = NO;
				ENABLE_STRICT_OBJC_MSGSEND = YES;
				GCC_C_LANGUAGE_STANDARD = gnu11;
				GCC_NO_COMMON_BLOCKS = YES;
				GCC_WARN_64_TO_32_BIT_CONVERSION = YES;
				GCC_WARN_ABOUT_RETURN_TYPE = YES_ERROR;
				GCC_WARN_UNDECLARED_SELECTOR = YES;
				GCC_WARN_UNINITIALIZED_AUTOS = YES_AGGRESSIVE;
				GCC_WARN_UNUSED_FUNCTION = YES;
				GCC_WARN_UNUSED_VARIABLE = YES;
				IPHONEOS_DEPLOYMENT_TARGET = 12.2;
				MTL_ENABLE_DEBUG_INFO = NO;
				MTL_FAST_MATH = YES;
				SDKROOT = iphoneos;
				VALIDATE_PRODUCT = YES;
			};
			name = Release;
		};
		48A32D52242B210800A6B6DA /* Debug */ = {
			isa = XCBuildConfiguration;
			buildSettings = {
				ASSETCATALOG_COMPILER_APPICON_NAME = AppIcon;
				CODE_SIGN_STYLE = Automatic;
				INFOPLIST_FILE = meituan/Info.plist;
				LD_RUNPATH_SEARCH_PATHS = (
					"$(inherited)",
					"@executable_path/Frameworks",
				);
				PRODUCT_BUNDLE_IDENTIFIER = kiro.laboratory.meituan;
				PRODUCT_NAME = "$(TARGET_NAME)";
				TARGETED_DEVICE_FAMILY = "1,2";
			};
			name = Debug;
		};
		48A32D53242B210800A6B6DA /* Release */ = {
			isa = XCBuildConfiguration;
			buildSettings = {
				ASSETCATALOG_COMPILER_APPICON_NAME = AppIcon;
				CODE_SIGN_STYLE = Automatic;
				INFOPLIST_FILE = meituan/Info.plist;
				LD_RUNPATH_SEARCH_PATHS = (
					"$(inherited)",
					"@executable_path/Frameworks",
				);
				PRODUCT_BUNDLE_IDENTIFIER = kiro.laboratory.meituan;
				PRODUCT_NAME = "$(TARGET_NAME)";
				TARGETED_DEVICE_FAMILY = "1,2";
			};
			name = Release;
		};
		48A32D55242B210800A6B6DA /* Debug */ = {
			isa = XCBuildConfiguration;
			buildSettings = {
				BUNDLE_LOADER = "$(TEST_HOST)";
				CODE_SIGN_STYLE = Automatic;
				INFOPLIST_FILE = meituanTests/Info.plist;
				LD_RUNPATH_SEARCH_PATHS = (
					"$(inherited)",
					"@executable_path/Frameworks",
					"@loader_path/Frameworks",
				);
				PRODUCT_BUNDLE_IDENTIFIER = kiro.laboratory.meituanTests;
				PRODUCT_NAME = "$(TARGET_NAME)";
				TARGETED_DEVICE_FAMILY = "1,2";
				TEST_HOST = "$(BUILT_PRODUCTS_DIR)/meituan.app/meituan";
			};
			name = Debug;
		};
		48A32D56242B210800A6B6DA /* Release */ = {
			isa = XCBuildConfiguration;
			buildSettings = {
				BUNDLE_LOADER = "$(TEST_HOST)";
				CODE_SIGN_STYLE = Automatic;
				INFOPLIST_FILE = meituanTests/Info.plist;
				LD_RUNPATH_SEARCH_PATHS = (
					"$(inherited)",
					"@executable_path/Frameworks",
					"@loader_path/Frameworks",
				);
				PRODUCT_BUNDLE_IDENTIFIER = kiro.laboratory.meituanTests;
				PRODUCT_NAME = "$(TARGET_NAME)";
				TARGETED_DEVICE_FAMILY = "1,2";
				TEST_HOST = "$(BUILT_PRODUCTS_DIR)/meituan.app/meituan";
			};
			name = Release;
		};
		48A32D58242B210800A6B6DA /* Debug */ = {
			isa = XCBuildConfiguration;
			buildSettings = {
				CODE_SIGN_STYLE = Automatic;
				INFOPLIST_FILE = meituanUITests/Info.plist;
				LD_RUNPATH_SEARCH_PATHS = (
					"$(inherited)",
					"@executable_path/Frameworks",
					"@loader_path/Frameworks",
				);
				PRODUCT_BUNDLE_IDENTIFIER = kiro.laboratory.meituanUITests;
				PRODUCT_NAME = "$(TARGET_NAME)";
				TARGETED_DEVICE_FAMILY = "1,2";
				TEST_TARGET_NAME = meituan;
			};
			name = Debug;
		};
		48A32D59242B210800A6B6DA /* Release */ = {
			isa = XCBuildConfiguration;
			buildSettings = {
				CODE_SIGN_STYLE = Automatic;
				INFOPLIST_FILE = meituanUITests/Info.plist;
				LD_RUNPATH_SEARCH_PATHS = (
					"$(inherited)",
					"@executable_path/Frameworks",
					"@loader_path/Frameworks",
				);
				PRODUCT_BUNDLE_IDENTIFIER = kiro.laboratory.meituanUITests;
				PRODUCT_NAME = "$(TARGET_NAME)";
				TARGETED_DEVICE_FAMILY = "1,2";
				TEST_TARGET_NAME = meituan;
			};
			name = Release;
		};
/* End XCBuildConfiguration section */

/* Begin XCConfigurationList section */
		48A32D20242B210700A6B6DA /* Build configuration list for PBXProject "meituan" */ = {
			isa = XCConfigurationList;
			buildConfigurations = (
				48A32D4F242B210800A6B6DA /* Debug */,
				48A32D50242B210800A6B6DA /* Release */,
			);
			defaultConfigurationIsVisible = 0;
			defaultConfigurationName = Release;
		};
		48A32D51242B210800A6B6DA /* Build configuration list for PBXNativeTarget "meituan" */ = {
			isa = XCConfigurationList;
			buildConfigurations = (
				48A32D52242B210800A6B6DA /* Debug */,
				48A32D53242B210800A6B6DA /* Release */,
			);
			defaultConfigurationIsVisible = 0;
			defaultConfigurationName = Release;
		};
		48A32D54242B210800A6B6DA /* Build configuration list for PBXNativeTarget "meituanTests" */ = {
			isa = XCConfigurationList;
			buildConfigurations = (
				48A32D55242B210800A6B6DA /* Debug */,
				48A32D56242B210800A6B6DA /* Release */,
			);
			defaultConfigurationIsVisible = 0;
			defaultConfigurationName = Release;
		};
		48A32D57242B210800A6B6DA /* Build configuration list for PBXNativeTarget "meituanUITests" */ = {
			isa = XCConfigurationList;
			buildConfigurations = (
				48A32D58242B210800A6B6DA /* Debug */,
				48A32D59242B210800A6B6DA /* Release */,
			);
			defaultConfigurationIsVisible = 0;
			defaultConfigurationName = Release;
		};
/* End XCConfigurationList section */
	};
	rootObject = 48A32D1D242B210700A6B6DA /* Project object */;
}
